
Microsoft Visual Studio Solution File, Format Version 12.00
# Visual Studio Version 16
VisualStudioVersion = 16.0.31205.134
MinimumVisualStudioVersion = 10.0.40219.1
Project("{FAE04EC0-301F-11D3-BF4B-00C04F79EFBC}") = "Finite Automata", "Finite Automata\Finite Automata.csproj", "{C6D85F48-3755-4985-B382-786B6FF971FC}"
EndProject
Global
	GlobalSection(SolutionConfigurationPlatforms) = preSolution
		Debug|Any CPU = Debug|Any CPU
		Release|Any CPU = Release|Any CPU
	EndGlobalSection
	GlobalSection(ProjectConfigurationPlatforms) = postSolution
		{C6D85F48-3755-4985-B382-786B6FF971FC}.Debug|Any CPU.ActiveCfg = Debug|Any CPU
		{C6D85F48-3755-4985-B382-786B6FF971FC}.Debug|Any CPU.Build.0 = Debug|Any CPU
		{C6D85F48-3755-4985-B382-786B6FF971FC}.Release|Any CPU.ActiveCfg = Release|Any CPU
		{C6D85F48-3755-4985-B382-786B6FF971FC}.Release|Any CPU.Build.0 = Release|Any CPU
	EndGlobalSection
	GlobalSection(SolutionProperties) = preSolution
		HideSolutionNode = FALSE
	EndGlobalSection
	GlobalSection(ExtensibilityGlobals) = postSolution
		SolutionGuid = {6D87557E-7DB1-429B-947F-E338B9C84823}
	EndGlobalSection
EndGlobal
